
Microsoft Visual Studio Solution File, Format Version 12.00
# Visual Studio 2013
VisualStudioVersion = 12.0.31101.0
MinimumVisualStudioVersion = 10.0.40219.1
Project("{FAE04EC0-301F-11D3-BF4B-00C04F79EFBC}") = "Jarvis.ConfigurationService.Host", "Jarvis.ConfigurationService.Host\Jarvis.ConfigurationService.Host.csproj", "{7FA94D62-7CE7-4D77-B362-E77D2EDC9722}"
EndProject
Project("{FAE04EC0-301F-11D3-BF4B-00C04F79EFBC}") = "Jarvis.ConfigurationService.Tests", "Jarvis.ConfigurationService.Tests\Jarvis.ConfigurationService.Tests.csproj", "{BD86873A-3BD0-4953-8ABC-40B7EE0FEDB6}"
EndProject
Project("{2150E333-8FDC-42A3-9474-1A3956D46DE8}") = "Solution Items", "Solution Items", "{1798B9E6-386D-48DA-86FA-B9C33A5C82BE}"
	ProjectSection(SolutionItems) = preProject
		..\LICENSE = ..\LICENSE
		..\README.md = ..\README.md
	EndProjectSection
EndProject
Project("{FAE04EC0-301F-11D3-BF4B-00C04F79EFBC}") = "Jarvis.ConfigurationService.Client", "Jarvis.ConfigurationService.Client\Jarvis.ConfigurationService.Client.csproj", "{F6D73D37-1BA2-4CB5-A58C-0B54BF9C3822}"
EndProject
Project("{FAE04EC0-301F-11D3-BF4B-00C04F79EFBC}") = "Jarvis.ConfigurationService.Client.CastleIntegration", "Jarvis.ConfigurationService.Client.CastleIntegration\Jarvis.ConfigurationService.Client.CastleIntegration.csproj", "{893ED554-3D86-47C8-B529-965329DB32AF}"
EndProject
Project("{2150E333-8FDC-42A3-9474-1A3956D46DE8}") = ".nuget", ".nuget", "{9BF737FC-1BFE-4F0C-96F1-0B4ED0537B43}"
	ProjectSection(SolutionItems) = preProject
		.nuget\packages.config = .nuget\packages.config
	EndProjectSection
EndProject
Global
	GlobalSection(SolutionConfigurationPlatforms) = preSolution
		Debug|Any CPU = Debug|Any CPU
		Release|Any CPU = Release|Any CPU
	EndGlobalSection
	GlobalSection(ProjectConfigurationPlatforms) = postSolution
		{7FA94D62-7CE7-4D77-B362-E77D2EDC9722}.Debug|Any CPU.ActiveCfg = Debug|Any CPU
		{7FA94D62-7CE7-4D77-B362-E77D2EDC9722}.Debug|Any CPU.Build.0 = Debug|Any CPU
		{7FA94D62-7CE7-4D77-B362-E77D2EDC9722}.Release|Any CPU.ActiveCfg = Release|Any CPU
		{7FA94D62-7CE7-4D77-B362-E77D2EDC9722}.Release|Any CPU.Build.0 = Release|Any CPU
		{BD86873A-3BD0-4953-8ABC-40B7EE0FEDB6}.Debug|Any CPU.ActiveCfg = Debug|Any CPU
		{BD86873A-3BD0-4953-8ABC-40B7EE0FEDB6}.Debug|Any CPU.Build.0 = Debug|Any CPU
		{BD86873A-3BD0-4953-8ABC-40B7EE0FEDB6}.Release|Any CPU.ActiveCfg = Release|Any CPU
		{BD86873A-3BD0-4953-8ABC-40B7EE0FEDB6}.Release|Any CPU.Build.0 = Release|Any CPU
		{F6D73D37-1BA2-4CB5-A58C-0B54BF9C3822}.Debug|Any CPU.ActiveCfg = Debug|Any CPU
		{F6D73D37-1BA2-4CB5-A58C-0B54BF9C3822}.Debug|Any CPU.Build.0 = Debug|Any CPU
		{F6D73D37-1BA2-4CB5-A58C-0B54BF9C3822}.Release|Any CPU.ActiveCfg = Release|Any CPU
		{F6D73D37-1BA2-4CB5-A58C-0B54BF9C3822}.Release|Any CPU.Build.0 = Release|Any CPU
		{893ED554-3D86-47C8-B529-965329DB32AF}.Debug|Any CPU.ActiveCfg = Debug|Any CPU
		{893ED554-3D86-47C8-B529-965329DB32AF}.Debug|Any CPU.Build.0 = Debug|Any CPU
		{893ED554-3D86-47C8-B529-965329DB32AF}.Release|Any CPU.ActiveCfg = Release|Any CPU
		{893ED554-3D86-47C8-B529-965329DB32AF}.Release|Any CPU.Build.0 = Release|Any CPU
	EndGlobalSection
	GlobalSection(SolutionProperties) = preSolution
		HideSolutionNode = FALSE
	EndGlobalSection
EndGlobal
